// !$*UTF8*$!
{
	archiveVersion = 1;
	classes = {
	};
	objectVersion = 55;
	objects = {

/* Begin PBXBuildFile section */
		5B850AC527424E0B007103B2 /* main.swift in Sources */ = {isa = PBXBuildFile; fileRef = 5B850AC427424E0B007103B2 /* main.swift */; };
		5B850ACC27424F20007103B2 /* structCollection.swift in Sources */ = {isa = PBXBuildFile; fileRef = 5B850ACB27424F20007103B2 /* structCollection.swift */; };
		5B850ACE27424F36007103B2 /* 연습문제1-이자율계산구조체.swift in Sources */ = {isa = PBXBuildFile; fileRef = 5B850ACD27424F36007103B2 /* 연습문제1-이자율계산구조체.swift */; };
		5B850AD027428B57007103B2 /* 연습문제2-숫자야구게임구조체.swift in Sources */ = {isa = PBXBuildFile; fileRef = 5B850ACF27428B57007103B2 /* 연습문제2-숫자야구게임구조체.swift */; };
/* End PBXBuildFile section */

/* Begin PBXCopyFilesBuildPhase section */
		5B850ABF27424E0B007103B2 /* CopyFiles */ = {
			isa = PBXCopyFilesBuildPhase;
			buildActionMask = 2147483647;
			dstPath = /usr/share/man/man1/;
			dstSubfolderSpec = 0;
			files = (
			);
			runOnlyForDeploymentPostprocessing = 1;
		};
/* End PBXCopyFilesBuildPhase section */

/* Begin PBXFileReference section */
		5B850AC127424E0B007103B2 /* 2Weak_Wed */ = {isa = PBXFileReference; explicitFileType = "compiled.mach-o.executable"; includeInIndex = 0; path = 2Weak_Wed; sourceTree = BUILT_PRODUCTS_DIR; };
		5B850AC427424E0B007103B2 /* main.swift */ = {isa = PBXFileReference; lastKnownFileType = sourcecode.swift; path = main.swift; sourceTree = "<group>"; };
		5B850ACB27424F20007103B2 /* structCollection.swift */ = {isa = PBXFileReference; lastKnownFileType = sourcecode.swift; path = structCollection.swift; sourceTree = "<group>"; };
		5B850ACD27424F36007103B2 /* 연습문제1-이자율계산구조체.swift */ = {isa = PBXFileReference; lastKnownFileType = sourcecode.swift; path = "연습문제1-이자율계산구조체.swift"; sourceTree = "<group>"; };
		5B850ACF27428B57007103B2 /* 연습문제2-숫자야구게임구조체.swift */ = {isa = PBXFileReference; lastKnownFileType = sourcecode.swift; path = "연습문제2-숫자야구게임구조체.swift"; sourceTree = "<group>"; };
/* End PBXFileReference section */

/* Begin PBXFrameworksBuildPhase section */
		5B850ABE27424E0B007103B2 /* Frameworks */ = {
			isa = PBXFrameworksBuildPhase;
			buildActionMask = 2147483647;
			files = (
			);
			runOnlyForDeploymentPostprocessing = 0;
		};
/* End PBXFrameworksBuildPhase section */

/* Begin PBXGroup section */
		5B850AB827424E0B007103B2 = {
			isa = PBXGroup;
			children = (
				5B850AC327424E0B007103B2 /* 2Weak_Wed */,
				5B850AC227424E0B007103B2 /* Products */,
			);
			sourceTree = "<group>";
		};
		5B850AC227424E0B007103B2 /* Products */ = {
			isa = PBXGroup;
			children = (
				5B850AC127424E0B007103B2 /* 2Weak_Wed */,
			);
			name = Products;
			sourceTree = "<group>";
		};
		5B850AC327424E0B007103B2 /* 2Weak_Wed */ = {
			isa = PBXGroup;
			children = (
				5B850AC427424E0B007103B2 /* main.swift */,
				5B850ACB27424F20007103B2 /* structCollection.swift */,
				5B850ACD27424F36007103B2 /* 연습문제1-이자율계산구조체.swift */,
				5B850ACF27428B57007103B2 /* 연습문제2-숫자야구게임구조체.swift */,
			);
			path = 2Weak_Wed;
			sourceTree = "<group>";
		};
/* End PBXGroup section */

/* Begin PBXNativeTarget section */
		5B850AC027424E0B007103B2 /* 2Weak_Wed */ = {
			isa = PBXNativeTarget;
			buildConfigurationList = 5B850AC827424E0B007103B2 /* Build configuration list for PBXNativeTarget "2Weak_Wed" */;
			buildPhases = (
				5B850ABD27424E0B007103B2 /* Sources */,
				5B850ABE27424E0B007103B2 /* Frameworks */,
				5B850ABF27424E0B007103B2 /* CopyFiles */,
			);
			buildRules = (
			);
			dependencies = (
			);
			name = 2Weak_Wed;
			productName = 2Weak_Wed;
			productReference = 5B850AC127424E0B007103B2 /* 2Weak_Wed */;
			productType = "com.apple.product-type.tool";
		};
/* End PBXNativeTarget section */

/* Begin PBXProject section */
		5B850AB927424E0B007103B2 /* Project object */ = {
			isa = PBXProject;
			attributes = {
				BuildIndependentTargetsInParallel = 1;
				LastSwiftUpdateCheck = 1310;
				LastUpgradeCheck = 1310;
				TargetAttributes = {
					5B850AC027424E0B007103B2 = {
						CreatedOnToolsVersion = 13.1;
					};
				};
			};
			buildConfigurationList = 5B850ABC27424E0B007103B2 /* Build configuration list for PBXProject "2Weak_Wed" */;
			compatibilityVersion = "Xcode 13.0";
			developmentRegion = en;
			hasScannedForEncodings = 0;
			knownRegions = (
				en,
				Base,
			);
			mainGroup = 5B850AB827424E0B007103B2;
			productRefGroup = 5B850AC227424E0B007103B2 /* Products */;
			projectDirPath = "";
			projectRoot = "";
			targets = (
				5B850AC027424E0B007103B2 /* 2Weak_Wed */,
			);
		};
/* End PBXProject section */

/* Begin PBXSourcesBuildPhase section */
		5B850ABD27424E0B007103B2 /* Sources */ = {
			isa = PBXSourcesBuildPhase;
			buildActionMask = 2147483647;
			files = (
				5B850ACC27424F20007103B2 /* structCollection.swift in Sources */,
				5B850AD027428B57007103B2 /* 연습문제2-숫자야구게임구조체.swift in Sources */,
				5B850ACE27424F36007103B2 /* 연습문제1-이자율계산구조체.swift in Sources */,
				5B850AC527424E0B007103B2 /* main.swift in Sources */,
			);
			runOnlyForDeploymentPostprocessing = 0;
		};
/* End PBXSourcesBuildPhase section */

/* Begin XCBuildConfiguration section */
		5B850AC627424E0B007103B2 /* Debug */ = {
			isa = XCBuildConfiguration;
			buildSettings = {
				ALWAYS_SEARCH_USER_PATHS = NO;
				CLANG_ANALYZER_NONNULL = YES;
				CLANG_ANALYZER_NUMBER_OBJECT_CONVERSION = YES_AGGRESSIVE;
				CLANG_CXX_LANGUAGE_STANDARD = "gnu++17";
				CLANG_CXX_LIBRARY = "libc++";
				CLANG_ENABLE_MODULES = YES;
				CLANG_ENABLE_OBJC_ARC = YES;
				CLANG_ENABLE_OBJC_WEAK = YES;
				CLANG_WARN_BLOCK_CAPTURE_AUTORELEASING = YES;
				CLANG_WARN_BOOL_CONVERSION = YES;
				CLANG_WARN_COMMA = YES;
				CLANG_WARN_CONSTANT_CONVERSION = YES;
				CLANG_WARN_DEPRECATED_OBJC_IMPLEMENTATIONS = YES;
				CLANG_WARN_DIRECT_OBJC_ISA_USAGE = YES_ERROR;
				CLANG_WARN_DOCUMENTATION_COMMENTS = YES;
				CLANG_WARN_EMPTY_BODY = YES;
				CLANG_WARN_ENUM_CONVERSION = YES;
				CLANG_WARN_INFINITE_RECURSION = YES;
				CLANG_WARN_INT_CONVERSION = YES;
				CLANG_WARN_NON_LITERAL_NULL_CONVERSION = YES;
				CLANG_WARN_OBJC_IMPLICIT_RETAIN_SELF = YES;
				CLANG_WARN_OBJC_LITERAL_CONVERSION = YES;
				CLANG_WARN_OBJC_ROOT_CLASS = YES_ERROR;
				CLANG_WARN_QUOTED_INCLUDE_IN_FRAMEWORK_HEADER = YES;
				CLANG_WARN_RANGE_LOOP_ANALYSIS = YES;
				CLANG_WARN_STRICT_PROTOTYPES = YES;
				CLANG_WARN_SUSPICIOUS_MOVE = YES;
				CLANG_WARN_UNGUARDED_AVAILABILITY = YES_AGGRESSIVE;
				CLANG_WARN_UNREACHABLE_CODE = YES;
				CLANG_WARN__DUPLICATE_METHOD_MATCH = YES;
				COPY_PHASE_STRIP = NO;
				DEBUG_INFORMATION_FORMAT = dwarf;
				ENABLE_STRICT_OBJC_MSGSEND = YES;
				ENABLE_TESTABILITY = YES;
				GCC_C_LANGUAGE_STANDARD = gnu11;
				GCC_DYNAMIC_NO_PIC = NO;
				GCC_NO_COMMON_BLOCKS = YES;
				GCC_OPTIMIZATION_LEVEL = 0;
				GCC_PREPROCESSOR_DEFINITIONS = (
					"DEBUG=1",
					"$(inherited)",
				);
				GCC_WARN_64_TO_32_BIT_CONVERSION = YES;
				GCC_WARN_ABOUT_RETURN_TYPE = YES_ERROR;
				GCC_WARN_UNDECLARED_SELECTOR = YES;
				GCC_WARN_UNINITIALIZED_AUTOS = YES_AGGRESSIVE;
				GCC_WARN_UNUSED_FUNCTION = YES;
				GCC_WARN_UNUSED_VARIABLE = YES;
				MACOSX_DEPLOYMENT_TARGET = 11.6;
				MTL_ENABLE_DEBUG_INFO = INCLUDE_SOURCE;
				MTL_FAST_MATH = YES;
				ONLY_ACTIVE_ARCH = YES;
				SDKROOT = macosx;
				SWIFT_ACTIVE_COMPILATION_CONDITIONS = DEBUG;
				SWIFT_OPTIMIZATION_LEVEL = "-Onone";
			};
			name = Debug;
		};
		5B850AC727424E0B007103B2 /* Release */ = {
			isa = XCBuildConfiguration;
			buildSettings = {
				ALWAYS_SEARCH_USER_PATHS = NO;
				CLANG_ANALYZER_NONNULL = YES;
				CLANG_ANALYZER_NUMBER_OBJECT_CONVERSION = YES_AGGRESSIVE;
				CLANG_CXX_LANGUAGE_STANDARD = "gnu++17";
				CLANG_CXX_LIBRARY = "libc++";
				CLANG_ENABLE_MODULES = YES;
				CLANG_ENABLE_OBJC_ARC = YES;
				CLANG_ENABLE_OBJC_WEAK = YES;
				CLANG_WARN_BLOCK_CAPTURE_AUTORELEASING = YES;
				CLANG_WARN_BOOL_CONVERSION = YES;
				CLANG_WARN_COMMA = YES;
				CLANG_WARN_CONSTANT_CONVERSION = YES;
				CLANG_WARN_DEPRECATED_OBJC_IMPLEMENTATIONS = YES;
				CLANG_WARN_DIRECT_OBJC_ISA_USAGE = YES_ERROR;
				CLANG_WARN_DOCUMENTATION_COMMENTS = YES;
				CLANG_WARN_EMPTY_BODY = YES;
				CLANG_WARN_ENUM_CONVERSION = YES;
				CLANG_WARN_INFINITE_RECURSION = YES;
				CLANG_WARN_INT_CONVERSION = YES;
				CLANG_WARN_NON_LITERAL_NULL_CONVERSION = YES;
				CLANG_WARN_OBJC_IMPLICIT_RETAIN_SELF = YES;
				CLANG_WARN_OBJC_LITERAL_CONVERSION = YES;
				CLANG_WARN_OBJC_ROOT_CLASS = YES_ERROR;
				CLANG_WARN_QUOTED_INCLUDE_IN_FRAMEWORK_HEADER = YES;
				CLANG_WARN_RANGE_LOOP_ANALYSIS = YES;
				CLANG_WARN_STRICT_PROTOTYPES = YES;
				CLANG_WARN_SUSPICIOUS_MOVE = YES;
				CLANG_WARN_UNGUARDED_AVAILABILITY = YES_AGGRESSIVE;
				CLANG_WARN_UNREACHABLE_CODE = YES;
				CLANG_WARN__DUPLICATE_METHOD_MATCH = YES;
				COPY_PHASE_STRIP = NO;
				DEBUG_INFORMATION_FORMAT = "dwarf-with-dsym";
				ENABLE_NS_ASSERTIONS = NO;
				ENABLE_STRICT_OBJC_MSGSEND = YES;
				GCC_C_LANGUAGE_STANDARD = gnu11;
				GCC_NO_COMMON_BLOCKS = YES;
				GCC_WARN_64_TO_32_BIT_CONVERSION = YES;
				GCC_WARN_ABOUT_RETURN_TYPE = YES_ERROR;
				GCC_WARN_UNDECLARED_SELECTOR = YES;
				GCC_WARN_UNINITIALIZED_AUTOS = YES_AGGRESSIVE;
				GCC_WARN_UNUSED_FUNCTION = YES;
				GCC_WARN_UNUSED_VARIABLE = YES;
				MACOSX_DEPLOYMENT_TARGET = 11.6;
				MTL_ENABLE_DEBUG_INFO = NO;
				MTL_FAST_MATH = YES;
				SDKROOT = macosx;
				SWIFT_COMPILATION_MODE = wholemodule;
				SWIFT_OPTIMIZATION_LEVEL = "-O";
			};
			name = Release;
		};
		5B850AC927424E0B007103B2 /* Debug */ = {
			isa = XCBuildConfiguration;
			buildSettings = {
				CODE_SIGN_STYLE = Automatic;
				PRODUCT_NAME = "$(TARGET_NAME)";
				SWIFT_VERSION = 5.0;
			};
			name = Debug;
		};
		5B850ACA27424E0B007103B2 /* Release */ = {
			isa = XCBuildConfiguration;
			buildSettings = {
				CODE_SIGN_STYLE = Automatic;
				PRODUCT_NAME = "$(TARGET_NAME)";
				SWIFT_VERSION = 5.0;
			};
			name = Release;
		};
/* End XCBuildConfiguration section */

/* Begin XCConfigurationList section */
		5B850ABC27424E0B007103B2 /* Build configuration list for PBXProject "2Weak_Wed" */ = {
			isa = XCConfigurationList;
			buildConfigurations = (
				5B850AC627424E0B007103B2 /* Debug */,
				5B850AC727424E0B007103B2 /* Release */,
			);
			defaultConfigurationIsVisible = 0;
			defaultConfigurationName = Release;
		};
		5B850AC827424E0B007103B2 /* Build configuration list for PBXNativeTarget "2Weak_Wed" */ = {
			isa = XCConfigurationList;
			buildConfigurations = (
				5B850AC927424E0B007103B2 /* Debug */,
				5B850ACA27424E0B007103B2 /* Release */,
			);
			defaultConfigurationIsVisible = 0;
			defaultConfigurationName = Release;
		};
/* End XCConfigurationList section */
	};
	rootObject = 5B850AB927424E0B007103B2 /* Project object */;
}
